
Microsoft Visual Studio Solution File, Format Version 12.00
# Visual Studio Version 17
VisualStudioVersion = 17.0.31903.59
MinimumVisualStudioVersion = 10.0.40219.1
Project("{FAE04EC0-301F-11D3-BF4B-00C04F79EFBC}") = "Zeil.Domain", "Zeil.Domain\Zeil.Domain.csproj", "{602A9A4D-6E2E-4900-90DD-9923B71A5FEB}"
EndProject
Project("{FAE04EC0-301F-11D3-BF4B-00C04F79EFBC}") = "Zeil.WebApi", "Zeil.WebApi\Zeil.WebApi.csproj", "{2FEBBB97-8CCB-44EE-A4B1-5D9A0CAFCBA0}"
EndProject
Project("{FAE04EC0-301F-11D3-BF4B-00C04F79EFBC}") = "Zeil.Domain.Tests", "Zeil.Domain.Tests\Zeil.Domain.Tests.csproj", "{B6F63EA8-1176-4E43-9E30-06F05C7A02F4}"
EndProject
Global
	GlobalSection(SolutionConfigurationPlatforms) = preSolution
		Debug|Any CPU = Debug|Any CPU
		Release|Any CPU = Release|Any CPU
	EndGlobalSection
	GlobalSection(SolutionProperties) = preSolution
		HideSolutionNode = FALSE
	EndGlobalSection
	GlobalSection(ProjectConfigurationPlatforms) = postSolution
		{602A9A4D-6E2E-4900-90DD-9923B71A5FEB}.Debug|Any CPU.ActiveCfg = Debug|Any CPU
		{602A9A4D-6E2E-4900-90DD-9923B71A5FEB}.Debug|Any CPU.Build.0 = Debug|Any CPU
		{602A9A4D-6E2E-4900-90DD-9923B71A5FEB}.Release|Any CPU.ActiveCfg = Release|Any CPU
		{602A9A4D-6E2E-4900-90DD-9923B71A5FEB}.Release|Any CPU.Build.0 = Release|Any CPU
		{2FEBBB97-8CCB-44EE-A4B1-5D9A0CAFCBA0}.Debug|Any CPU.ActiveCfg = Debug|Any CPU
		{2FEBBB97-8CCB-44EE-A4B1-5D9A0CAFCBA0}.Debug|Any CPU.Build.0 = Debug|Any CPU
		{2FEBBB97-8CCB-44EE-A4B1-5D9A0CAFCBA0}.Release|Any CPU.ActiveCfg = Release|Any CPU
		{2FEBBB97-8CCB-44EE-A4B1-5D9A0CAFCBA0}.Release|Any CPU.Build.0 = Release|Any CPU
		{B6F63EA8-1176-4E43-9E30-06F05C7A02F4}.Debug|Any CPU.ActiveCfg = Debug|Any CPU
		{B6F63EA8-1176-4E43-9E30-06F05C7A02F4}.Debug|Any CPU.Build.0 = Debug|Any CPU
		{B6F63EA8-1176-4E43-9E30-06F05C7A02F4}.Release|Any CPU.ActiveCfg = Release|Any CPU
		{B6F63EA8-1176-4E43-9E30-06F05C7A02F4}.Release|Any CPU.Build.0 = Release|Any CPU
	EndGlobalSection
EndGlobal
